// !$*UTF8*$!
{
	archiveVersion = 1;
	classes = {
	};
	objectVersion = 46;
	objects = {

/* Begin PBXBuildFile section */
		8203660F1940C2C300FB132A /* Foundation.framework in Frameworks */ = {isa = PBXBuildFile; fileRef = 8203660E1940C2C300FB132A /* Foundation.framework */; };
		820366111940C2C300FB132A /* CoreGraphics.framework in Frameworks */ = {isa = PBXBuildFile; fileRef = 820366101940C2C300FB132A /* CoreGraphics.framework */; };
		820366131940C2C300FB132A /* UIKit.framework in Frameworks */ = {isa = PBXBuildFile; fileRef = 820366121940C2C300FB132A /* UIKit.framework */; };
		820366191940C2C300FB132A /* InfoPlist.strings in Resources */ = {isa = PBXBuildFile; fileRef = 820366171940C2C300FB132A /* InfoPlist.strings */; };
		8203661B1940C2C300FB132A /* main.m in Sources */ = {isa = PBXBuildFile; fileRef = 8203661A1940C2C300FB132A /* main.m */; };
		8203661F1940C2C300FB132A /* AppDelegate.m in Sources */ = {isa = PBXBuildFile; fileRef = 8203661E1940C2C300FB132A /* AppDelegate.m */; };
		820366221940C2C300FB132A /* Main.storyboard in Resources */ = {isa = PBXBuildFile; fileRef = 820366201940C2C300FB132A /* Main.storyboard */; };
		820366251940C2C300FB132A /* ViewController.m in Sources */ = {isa = PBXBuildFile; fileRef = 820366241940C2C300FB132A /* ViewController.m */; };
		820366271940C2C300FB132A /* Images.xcassets in Resources */ = {isa = PBXBuildFile; fileRef = 820366261940C2C300FB132A /* Images.xcassets */; };
		8203662E1940C2C400FB132A /* XCTest.framework in Frameworks */ = {isa = PBXBuildFile; fileRef = 8203662D1940C2C300FB132A /* XCTest.framework */; };
		8203662F1940C2C400FB132A /* Foundation.framework in Frameworks */ = {isa = PBXBuildFile; fileRef = 8203660E1940C2C300FB132A /* Foundation.framework */; };
		820366301940C2C400FB132A /* UIKit.framework in Frameworks */ = {isa = PBXBuildFile; fileRef = 820366121940C2C300FB132A /* UIKit.framework */; };
		820366381940C2C400FB132A /* InfoPlist.strings in Resources */ = {isa = PBXBuildFile; fileRef = 820366361940C2C400FB132A /* InfoPlist.strings */; };
		8203663A1940C2C400FB132A /* xh_skanskaFloorPlanTests.m in Sources */ = {isa = PBXBuildFile; fileRef = 820366391940C2C400FB132A /* xh_skanskaFloorPlanTests.m */; };
		820366441940EEDA00FB132A /* floorplanData.plist in Resources */ = {isa = PBXBuildFile; fileRef = 820366431940EEDA00FB132A /* floorplanData.plist */; };
		8203664C1940EFFF00FB132A /* embDataViewController.m in Sources */ = {isa = PBXBuildFile; fileRef = 820366471940EFFF00FB132A /* embDataViewController.m */; };
		8203664D1940EFFF00FB132A /* embDrawPath.m in Sources */ = {isa = PBXBuildFile; fileRef = 820366491940EFFF00FB132A /* embDrawPath.m */; };
		8203664E1940EFFF00FB132A /* embModelController.m in Sources */ = {isa = PBXBuildFile; fileRef = 8203664B1940EFFF00FB132A /* embModelController.m */; };
		820366511940F04E00FB132A /* neoHotspotsView.m in Sources */ = {isa = PBXBuildFile; fileRef = 820366501940F04E00FB132A /* neoHotspotsView.m */; };
		820366541940F15B00FB132A /* KSLabel.m in Sources */ = {isa = PBXBuildFile; fileRef = 820366531940F15B00FB132A /* KSLabel.m */; };
		820366571940F18400FB132A /* ebZoomingScrollView.m in Sources */ = {isa = PBXBuildFile; fileRef = 820366561940F18400FB132A /* ebZoomingScrollView.m */; };
		824E0BEB1946078600158620 /* grfx_floorplan2_sample.png in Resources */ = {isa = PBXBuildFile; fileRef = 824E0BE31946078600158620 /* grfx_floorplan2_sample.png */; };
		824E0BEC1946078600158620 /* grfx_floorplan2_sample@2x.png in Resources */ = {isa = PBXBuildFile; fileRef = 824E0BE41946078600158620 /* grfx_floorplan2_sample@2x.png */; };
		824E0BED1946078600158620 /* grfx_floorplan6_sample.png in Resources */ = {isa = PBXBuildFile; fileRef = 824E0BE51946078600158620 /* grfx_floorplan6_sample.png */; };
		824E0BEE1946078600158620 /* grfx_floorplan6_sample@2x.png in Resources */ = {isa = PBXBuildFile; fileRef = 824E0BE61946078600158620 /* grfx_floorplan6_sample@2x.png */; };
		824E0BEF1946078600158620 /* grfx_floorplan7_sample.png in Resources */ = {isa = PBXBuildFile; fileRef = 824E0BE71946078600158620 /* grfx_floorplan7_sample.png */; };
		824E0BF01946078600158620 /* grfx_floorplan7_sample@2x.png in Resources */ = {isa = PBXBuildFile; fileRef = 824E0BE81946078600158620 /* grfx_floorplan7_sample@2x.png */; };
		824E0BF11946078600158620 /* grfx_floorplan8_sample.png in Resources */ = {isa = PBXBuildFile; fileRef = 824E0BE91946078600158620 /* grfx_floorplan8_sample.png */; };
		824E0BF21946078600158620 /* grfx_floorplan8_sample@2x.png in Resources */ = {isa = PBXBuildFile; fileRef = 824E0BEA1946078600158620 /* grfx_floorplan8_sample@2x.png */; };
		824E0BF5194624BE00158620 /* grfx_floorPlan_bg.jpg in Resources */ = {isa = PBXBuildFile; fileRef = 824E0BF3194624BE00158620 /* grfx_floorPlan_bg.jpg */; };
		824E0BF6194624BE00158620 /* grfx_floorPlan_bg@2x.jpg in Resources */ = {isa = PBXBuildFile; fileRef = 824E0BF4194624BE00158620 /* grfx_floorPlan_bg@2x.jpg */; };
		824E0BF9194627DC00158620 /* grfx_floorplan_blding.png in Resources */ = {isa = PBXBuildFile; fileRef = 824E0BF7194627DC00158620 /* grfx_floorplan_blding.png */; };
		824E0BFA194627DC00158620 /* grfx_floorplan_blding@2x.png in Resources */ = {isa = PBXBuildFile; fileRef = 824E0BF8194627DC00158620 /* grfx_floorplan_blding@2x.png */; };
		82974CD3194785B200409DC7 /* grfx_floorplan2_testfit.png in Resources */ = {isa = PBXBuildFile; fileRef = 82974CCB194785B200409DC7 /* grfx_floorplan2_testfit.png */; };
		82974CD4194785B200409DC7 /* grfx_floorplan2_testfit@2x.png in Resources */ = {isa = PBXBuildFile; fileRef = 82974CCC194785B200409DC7 /* grfx_floorplan2_testfit@2x.png */; };
		82974CD5194785B200409DC7 /* grfx_floorplan6_testfit.png in Resources */ = {isa = PBXBuildFile; fileRef = 82974CCD194785B200409DC7 /* grfx_floorplan6_testfit.png */; };
		82974CD6194785B200409DC7 /* grfx_floorplan6_testfit@2x.png in Resources */ = {isa = PBXBuildFile; fileRef = 82974CCE194785B200409DC7 /* grfx_floorplan6_testfit@2x.png */; };
		82974CD7194785B200409DC7 /* grfx_floorplan7_testfit.png in Resources */ = {isa = PBXBuildFile; fileRef = 82974CCF194785B200409DC7 /* grfx_floorplan7_testfit.png */; };
		82974CD8194785B200409DC7 /* grfx_floorplan7_testfit@2x.png in Resources */ = {isa = PBXBuildFile; fileRef = 82974CD0194785B200409DC7 /* grfx_floorplan7_testfit@2x.png */; };
		82974CD9194785B200409DC7 /* grfx_floorplan8_testfit.png in Resources */ = {isa = PBXBuildFile; fileRef = 82974CD1194785B200409DC7 /* grfx_floorplan8_testfit.png */; };
		82974CDA194785B200409DC7 /* grfx_floorplan8_testfit@2x.png in Resources */ = {isa = PBXBuildFile; fileRef = 82974CD2194785B200409DC7 /* grfx_floorplan8_testfit@2x.png */; };
		82B69AA8194232B8004BCE39 /* data.plist in Resources */ = {isa = PBXBuildFile; fileRef = 82B69AA7194232B8004BCE39 /* data.plist */; };
		82B69AAB1942444A004BCE39 /* UIColor+Extensions.m in Sources */ = {isa = PBXBuildFile; fileRef = 82B69AAA1942444A004BCE39 /* UIColor+Extensions.m */; };
		82FE13221941FCC80040E149 /* xh_dotsView.m in Sources */ = {isa = PBXBuildFile; fileRef = 82FE13211941FCC80040E149 /* xh_dotsView.m */; };
/* End PBXBuildFile section */

/* Begin PBXContainerItemProxy section */
		820366311940C2C400FB132A /* PBXContainerItemProxy */ = {
			isa = PBXContainerItemProxy;
			containerPortal = 820366031940C2C300FB132A /* Project object */;
			proxyType = 1;
			remoteGlobalIDString = 8203660A1940C2C300FB132A;
			remoteInfo = xh_skanskaFloorPlan;
		};
/* End PBXContainerItemProxy section */

/* Begin PBXFileReference section */
		8203660B1940C2C300FB132A /* xh_skanskaFloorPlan.app */ = {isa = PBXFileReference; explicitFileType = wrapper.application; includeInIndex = 0; path = xh_skanskaFloorPlan.app; sourceTree = BUILT_PRODUCTS_DIR; };
		8203660E1940C2C300FB132A /* Foundation.framework */ = {isa = PBXFileReference; lastKnownFileType = wrapper.framework; name = Foundation.framework; path = System/Library/Frameworks/Foundation.framework; sourceTree = SDKROOT; };
		820366101940C2C300FB132A /* CoreGraphics.framework */ = {isa = PBXFileReference; lastKnownFileType = wrapper.framework; name = CoreGraphics.framework; path = System/Library/Frameworks/CoreGraphics.framework; sourceTree = SDKROOT; };
		820366121940C2C300FB132A /* UIKit.framework */ = {isa = PBXFileReference; lastKnownFileType = wrapper.framework; name = UIKit.framework; path = System/Library/Frameworks/UIKit.framework; sourceTree = SDKROOT; };
		820366161940C2C300FB132A /* xh_skanskaFloorPlan-Info.plist */ = {isa = PBXFileReference; lastKnownFileType = text.plist.xml; path = "xh_skanskaFloorPlan-Info.plist"; sourceTree = "<group>"; };
		820366181940C2C300FB132A /* en */ = {isa = PBXFileReference; lastKnownFileType = text.plist.strings; name = en; path = en.lproj/InfoPlist.strings; sourceTree = "<group>"; };
		8203661A1940C2C300FB132A /* main.m */ = {isa = PBXFileReference; lastKnownFileType = sourcecode.c.objc; path = main.m; sourceTree = "<group>"; };
		8203661C1940C2C300FB132A /* xh_skanskaFloorPlan-Prefix.pch */ = {isa = PBXFileReference; lastKnownFileType = sourcecode.c.h; path = "xh_skanskaFloorPlan-Prefix.pch"; sourceTree = "<group>"; };
		8203661D1940C2C300FB132A /* AppDelegate.h */ = {isa = PBXFileReference; lastKnownFileType = sourcecode.c.h; path = AppDelegate.h; sourceTree = "<group>"; };
		8203661E1940C2C300FB132A /* AppDelegate.m */ = {isa = PBXFileReference; lastKnownFileType = sourcecode.c.objc; path = AppDelegate.m; sourceTree = "<group>"; };
		820366211940C2C300FB132A /* Base */ = {isa = PBXFileReference; lastKnownFileType = file.storyboard; name = Base; path = Base.lproj/Main.storyboard; sourceTree = "<group>"; };
		820366231940C2C300FB132A /* ViewController.h */ = {isa = PBXFileReference; lastKnownFileType = sourcecode.c.h; path = ViewController.h; sourceTree = "<group>"; };
		820366241940C2C300FB132A /* ViewController.m */ = {isa = PBXFileReference; lastKnownFileType = sourcecode.c.objc; path = ViewController.m; sourceTree = "<group>"; };
		820366261940C2C300FB132A /* Images.xcassets */ = {isa = PBXFileReference; lastKnownFileType = folder.assetcatalog; path = Images.xcassets; sourceTree = "<group>"; };
		8203662C1940C2C300FB132A /* xh_skanskaFloorPlanTests.xctest */ = {isa = PBXFileReference; explicitFileType = wrapper.cfbundle; includeInIndex = 0; path = xh_skanskaFloorPlanTests.xctest; sourceTree = BUILT_PRODUCTS_DIR; };
		8203662D1940C2C300FB132A /* XCTest.framework */ = {isa = PBXFileReference; lastKnownFileType = wrapper.framework; name = XCTest.framework; path = Library/Frameworks/XCTest.framework; sourceTree = DEVELOPER_DIR; };
		820366351940C2C400FB132A /* xh_skanskaFloorPlanTests-Info.plist */ = {isa = PBXFileReference; lastKnownFileType = text.plist.xml; path = "xh_skanskaFloorPlanTests-Info.plist"; sourceTree = "<group>"; };
		820366371940C2C400FB132A /* en */ = {isa = PBXFileReference; lastKnownFileType = text.plist.strings; name = en; path = en.lproj/InfoPlist.strings; sourceTree = "<group>"; };
		820366391940C2C400FB132A /* xh_skanskaFloorPlanTests.m */ = {isa = PBXFileReference; lastKnownFileType = sourcecode.c.objc; path = xh_skanskaFloorPlanTests.m; sourceTree = "<group>"; };
		820366431940EEDA00FB132A /* floorplanData.plist */ = {isa = PBXFileReference; fileEncoding = 4; lastKnownFileType = text.plist.xml; path = floorplanData.plist; sourceTree = "<group>"; };
		820366461940EFFF00FB132A /* embDataViewController.h */ = {isa = PBXFileReference; fileEncoding = 4; lastKnownFileType = sourcecode.c.h; path = embDataViewController.h; sourceTree = "<group>"; };
		820366471940EFFF00FB132A /* embDataViewController.m */ = {isa = PBXFileReference; fileEncoding = 4; lastKnownFileType = sourcecode.c.objc; path = embDataViewController.m; sourceTree = "<group>"; };
		820366481940EFFF00FB132A /* embDrawPath.h */ = {isa = PBXFileReference; fileEncoding = 4; lastKnownFileType = sourcecode.c.h; path = embDrawPath.h; sourceTree = "<group>"; };
		820366491940EFFF00FB132A /* embDrawPath.m */ = {isa = PBXFileReference; fileEncoding = 4; lastKnownFileType = sourcecode.c.objc; path = embDrawPath.m; sourceTree = "<group>"; };
		8203664A1940EFFF00FB132A /* embModelController.h */ = {isa = PBXFileReference; fileEncoding = 4; lastKnownFileType = sourcecode.c.h; path = embModelController.h; sourceTree = "<group>"; };
		8203664B1940EFFF00FB132A /* embModelController.m */ = {isa = PBXFileReference; fileEncoding = 4; lastKnownFileType = sourcecode.c.objc; path = embModelController.m; sourceTree = "<group>"; };
		8203664F1940F04E00FB132A /* neoHotspotsView.h */ = {isa = PBXFileReference; fileEncoding = 4; lastKnownFileType = sourcecode.c.h; path = neoHotspotsView.h; sourceTree = "<group>"; };
		820366501940F04E00FB132A /* neoHotspotsView.m */ = {isa = PBXFileReference; fileEncoding = 4; lastKnownFileType = sourcecode.c.objc; path = neoHotspotsView.m; sourceTree = "<group>"; };
		820366521940F15B00FB132A /* KSLabel.h */ = {isa = PBXFileReference; fileEncoding = 4; lastKnownFileType = sourcecode.c.h; path = KSLabel.h; sourceTree = "<group>"; };
		820366531940F15B00FB132A /* KSLabel.m */ = {isa = PBXFileReference; fileEncoding = 4; lastKnownFileType = sourcecode.c.objc; path = KSLabel.m; sourceTree = "<group>"; };
		820366551940F18400FB132A /* ebZoomingScrollView.h */ = {isa = PBXFileReference; fileEncoding = 4; lastKnownFileType = sourcecode.c.h; path = ebZoomingScrollView.h; sourceTree = "<group>"; };
		820366561940F18400FB132A /* ebZoomingScrollView.m */ = {isa = PBXFileReference; fileEncoding = 4; lastKnownFileType = sourcecode.c.objc; path = ebZoomingScrollView.m; sourceTree = "<group>"; };
		824E0BE31946078600158620 /* grfx_floorplan2_sample.png */ = {isa = PBXFileReference; lastKnownFileType = image.png; path = grfx_floorplan2_sample.png; sourceTree = "<group>"; };
		824E0BE41946078600158620 /* grfx_floorplan2_sample@2x.png */ = {isa = PBXFileReference; lastKnownFileType = image.png; path = "grfx_floorplan2_sample@2x.png"; sourceTree = "<group>"; };
		824E0BE51946078600158620 /* grfx_floorplan6_sample.png */ = {isa = PBXFileReference; lastKnownFileType = image.png; path = grfx_floorplan6_sample.png; sourceTree = "<group>"; };
		824E0BE61946078600158620 /* grfx_floorplan6_sample@2x.png */ = {isa = PBXFileReference; lastKnownFileType = image.png; path = "grfx_floorplan6_sample@2x.png"; sourceTree = "<group>"; };
		824E0BE71946078600158620 /* grfx_floorplan7_sample.png */ = {isa = PBXFileReference; lastKnownFileType = image.png; path = grfx_floorplan7_sample.png; sourceTree = "<group>"; };
		824E0BE81946078600158620 /* grfx_floorplan7_sample@2x.png */ = {isa = PBXFileReference; lastKnownFileType = image.png; path = "grfx_floorplan7_sample@2x.png"; sourceTree = "<group>"; };
		824E0BE91946078600158620 /* grfx_floorplan8_sample.png */ = {isa = PBXFileReference; lastKnownFileType = image.png; path = grfx_floorplan8_sample.png; sourceTree = "<group>"; };
		824E0BEA1946078600158620 /* grfx_floorplan8_sample@2x.png */ = {isa = PBXFileReference; lastKnownFileType = image.png; path = "grfx_floorplan8_sample@2x.png"; sourceTree = "<group>"; };
		824E0BF3194624BE00158620 /* grfx_floorPlan_bg.jpg */ = {isa = PBXFileReference; lastKnownFileType = image.jpeg; path = grfx_floorPlan_bg.jpg; sourceTree = "<group>"; };
		824E0BF4194624BE00158620 /* grfx_floorPlan_bg@2x.jpg */ = {isa = PBXFileReference; lastKnownFileType = image.jpeg; path = "grfx_floorPlan_bg@2x.jpg"; sourceTree = "<group>"; };
		824E0BF7194627DC00158620 /* grfx_floorplan_blding.png */ = {isa = PBXFileReference; lastKnownFileType = image.png; path = grfx_floorplan_blding.png; sourceTree = "<group>"; };
		824E0BF8194627DC00158620 /* grfx_floorplan_blding@2x.png */ = {isa = PBXFileReference; lastKnownFileType = image.png; path = "grfx_floorplan_blding@2x.png"; sourceTree = "<group>"; };
		82974CCB194785B200409DC7 /* grfx_floorplan2_testfit.png */ = {isa = PBXFileReference; lastKnownFileType = image.png; path = grfx_floorplan2_testfit.png; sourceTree = "<group>"; };
		82974CCC194785B200409DC7 /* grfx_floorplan2_testfit@2x.png */ = {isa = PBXFileReference; lastKnownFileType = image.png; path = "grfx_floorplan2_testfit@2x.png"; sourceTree = "<group>"; };
		82974CCD194785B200409DC7 /* grfx_floorplan6_testfit.png */ = {isa = PBXFileReference; lastKnownFileType = image.png; path = grfx_floorplan6_testfit.png; sourceTree = "<group>"; };
		82974CCE194785B200409DC7 /* grfx_floorplan6_testfit@2x.png */ = {isa = PBXFileReference; lastKnownFileType = image.png; path = "grfx_floorplan6_testfit@2x.png"; sourceTree = "<group>"; };
		82974CCF194785B200409DC7 /* grfx_floorplan7_testfit.png */ = {isa = PBXFileReference; lastKnownFileType = image.png; path = grfx_floorplan7_testfit.png; sourceTree = "<group>"; };
		82974CD0194785B200409DC7 /* grfx_floorplan7_testfit@2x.png */ = {isa = PBXFileReference; lastKnownFileType = image.png; path = "grfx_floorplan7_testfit@2x.png"; sourceTree = "<group>"; };
		82974CD1194785B200409DC7 /* grfx_floorplan8_testfit.png */ = {isa = PBXFileReference; lastKnownFileType = image.png; path = grfx_floorplan8_testfit.png; sourceTree = "<group>"; };
		82974CD2194785B200409DC7 /* grfx_floorplan8_testfit@2x.png */ = {isa = PBXFileReference; lastKnownFileType = image.png; path = "grfx_floorplan8_testfit@2x.png"; sourceTree = "<group>"; };
		82B69AA7194232B8004BCE39 /* data.plist */ = {isa = PBXFileReference; fileEncoding = 4; lastKnownFileType = text.plist.xml; path = data.plist; sourceTree = "<group>"; };
		82B69AA91942444A004BCE39 /* UIColor+Extensions.h */ = {isa = PBXFileReference; fileEncoding = 4; lastKnownFileType = sourcecode.c.h; path = "UIColor+Extensions.h"; sourceTree = "<group>"; };
		82B69AAA1942444A004BCE39 /* UIColor+Extensions.m */ = {isa = PBXFileReference; fileEncoding = 4; lastKnownFileType = sourcecode.c.objc; path = "UIColor+Extensions.m"; sourceTree = "<group>"; };
		82FE13201941FCC80040E149 /* xh_dotsView.h */ = {isa = PBXFileReference; fileEncoding = 4; lastKnownFileType = sourcecode.c.h; path = xh_dotsView.h; sourceTree = "<group>"; };
		82FE13211941FCC80040E149 /* xh_dotsView.m */ = {isa = PBXFileReference; fileEncoding = 4; lastKnownFileType = sourcecode.c.objc; path = xh_dotsView.m; sourceTree = "<group>"; };
/* End PBXFileReference section */

/* Begin PBXFrameworksBuildPhase section */
		820366081940C2C300FB132A /* Frameworks */ = {
			isa = PBXFrameworksBuildPhase;
			buildActionMask = 2147483647;
			files = (
				820366111940C2C300FB132A /* CoreGraphics.framework in Frameworks */,
				820366131940C2C300FB132A /* UIKit.framework in Frameworks */,
				8203660F1940C2C300FB132A /* Foundation.framework in Frameworks */,
			);
			runOnlyForDeploymentPostprocessing = 0;
		};
		820366291940C2C300FB132A /* Frameworks */ = {
			isa = PBXFrameworksBuildPhase;
			buildActionMask = 2147483647;
			files = (
				8203662E1940C2C400FB132A /* XCTest.framework in Frameworks */,
				820366301940C2C400FB132A /* UIKit.framework in Frameworks */,
				8203662F1940C2C400FB132A /* Foundation.framework in Frameworks */,
			);
			runOnlyForDeploymentPostprocessing = 0;
		};
/* End PBXFrameworksBuildPhase section */

/* Begin PBXGroup section */
		820366021940C2C300FB132A = {
			isa = PBXGroup;
			children = (
				820366141940C2C300FB132A /* xh_skanskaFloorPlan */,
				820366331940C2C400FB132A /* xh_skanskaFloorPlanTests */,
				8203660D1940C2C300FB132A /* Frameworks */,
				8203660C1940C2C300FB132A /* Products */,
			);
			sourceTree = "<group>";
		};
		8203660C1940C2C300FB132A /* Products */ = {
			isa = PBXGroup;
			children = (
				8203660B1940C2C300FB132A /* xh_skanskaFloorPlan.app */,
				8203662C1940C2C300FB132A /* xh_skanskaFloorPlanTests.xctest */,
			);
			name = Products;
			sourceTree = "<group>";
		};
		8203660D1940C2C300FB132A /* Frameworks */ = {
			isa = PBXGroup;
			children = (
				8203660E1940C2C300FB132A /* Foundation.framework */,
				820366101940C2C300FB132A /* CoreGraphics.framework */,
				820366121940C2C300FB132A /* UIKit.framework */,
				8203662D1940C2C300FB132A /* XCTest.framework */,
			);
			name = Frameworks;
			sourceTree = "<group>";
		};
		820366141940C2C300FB132A /* xh_skanskaFloorPlan */ = {
			isa = PBXGroup;
			children = (
				8203661D1940C2C300FB132A /* AppDelegate.h */,
				8203661E1940C2C300FB132A /* AppDelegate.m */,
				820366201940C2C300FB132A /* Main.storyboard */,
				820366231940C2C300FB132A /* ViewController.h */,
				820366241940C2C300FB132A /* ViewController.m */,
				82FE13201941FCC80040E149 /* xh_dotsView.h */,
				82FE13211941FCC80040E149 /* xh_dotsView.m */,
				824E0BF3194624BE00158620 /* grfx_floorPlan_bg.jpg */,
				824E0BF4194624BE00158620 /* grfx_floorPlan_bg@2x.jpg */,
				824E0BF7194627DC00158620 /* grfx_floorplan_blding.png */,
				824E0BF8194627DC00158620 /* grfx_floorplan_blding@2x.png */,
				82B69AA7194232B8004BCE39 /* data.plist */,
				820366431940EEDA00FB132A /* floorplanData.plist */,
				824E0BE21946078600158620 /* Floorplans_stack */,
				820366451940EFFF00FB132A /* Utilities */,
				820366261940C2C300FB132A /* Images.xcassets */,
				820366151940C2C300FB132A /* Supporting Files */,
			);
			path = xh_skanskaFloorPlan;
			sourceTree = "<group>";
		};
		820366151940C2C300FB132A /* Supporting Files */ = {
			isa = PBXGroup;
			children = (
				820366161940C2C300FB132A /* xh_skanskaFloorPlan-Info.plist */,
				820366171940C2C300FB132A /* InfoPlist.strings */,
				8203661A1940C2C300FB132A /* main.m */,
				8203661C1940C2C300FB132A /* xh_skanskaFloorPlan-Prefix.pch */,
			);
			name = "Supporting Files";
			sourceTree = "<group>";
		};
		820366331940C2C400FB132A /* xh_skanskaFloorPlanTests */ = {
			isa = PBXGroup;
			children = (
				820366391940C2C400FB132A /* xh_skanskaFloorPlanTests.m */,
				820366341940C2C400FB132A /* Supporting Files */,
			);
			path = xh_skanskaFloorPlanTests;
			sourceTree = "<group>";
		};
		820366341940C2C400FB132A /* Supporting Files */ = {
			isa = PBXGroup;
			children = (
				820366351940C2C400FB132A /* xh_skanskaFloorPlanTests-Info.plist */,
				820366361940C2C400FB132A /* InfoPlist.strings */,
			);
			name = "Supporting Files";
			sourceTree = "<group>";
		};
		820366451940EFFF00FB132A /* Utilities */ = {
			isa = PBXGroup;
			children = (
				820366551940F18400FB132A /* ebZoomingScrollView.h */,
				820366561940F18400FB132A /* ebZoomingScrollView.m */,
				820366461940EFFF00FB132A /* embDataViewController.h */,
				820366471940EFFF00FB132A /* embDataViewController.m */,
				820366481940EFFF00FB132A /* embDrawPath.h */,
				820366491940EFFF00FB132A /* embDrawPath.m */,
				8203664A1940EFFF00FB132A /* embModelController.h */,
				8203664B1940EFFF00FB132A /* embModelController.m */,
				820366521940F15B00FB132A /* KSLabel.h */,
				820366531940F15B00FB132A /* KSLabel.m */,
				8203664F1940F04E00FB132A /* neoHotspotsView.h */,
				820366501940F04E00FB132A /* neoHotspotsView.m */,
				82B69AA91942444A004BCE39 /* UIColor+Extensions.h */,
				82B69AAA1942444A004BCE39 /* UIColor+Extensions.m */,
			);
			path = Utilities;
			sourceTree = "<group>";
		};
		824E0BE21946078600158620 /* Floorplans_stack */ = {
			isa = PBXGroup;
			children = (
				824E0BE31946078600158620 /* grfx_floorplan2_sample.png */,
				824E0BE41946078600158620 /* grfx_floorplan2_sample@2x.png */,
				824E0BE51946078600158620 /* grfx_floorplan6_sample.png */,
				824E0BE61946078600158620 /* grfx_floorplan6_sample@2x.png */,
				824E0BE71946078600158620 /* grfx_floorplan7_sample.png */,
				824E0BE81946078600158620 /* grfx_floorplan7_sample@2x.png */,
				824E0BE91946078600158620 /* grfx_floorplan8_sample.png */,
				824E0BEA1946078600158620 /* grfx_floorplan8_sample@2x.png */,
				82974CCB194785B200409DC7 /* grfx_floorplan2_testfit.png */,
				82974CCC194785B200409DC7 /* grfx_floorplan2_testfit@2x.png */,
				82974CCD194785B200409DC7 /* grfx_floorplan6_testfit.png */,
				82974CCE194785B200409DC7 /* grfx_floorplan6_testfit@2x.png */,
				82974CCF194785B200409DC7 /* grfx_floorplan7_testfit.png */,
				82974CD0194785B200409DC7 /* grfx_floorplan7_testfit@2x.png */,
				82974CD1194785B200409DC7 /* grfx_floorplan8_testfit.png */,
				82974CD2194785B200409DC7 /* grfx_floorplan8_testfit@2x.png */,
			);
			path = Floorplans_stack;
			sourceTree = "<group>";
		};
/* End PBXGroup section */

/* Begin PBXNativeTarget section */
		8203660A1940C2C300FB132A /* xh_skanskaFloorPlan */ = {
			isa = PBXNativeTarget;
			buildConfigurationList = 8203663D1940C2C400FB132A /* Build configuration list for PBXNativeTarget "xh_skanskaFloorPlan" */;
			buildPhases = (
				820366071940C2C300FB132A /* Sources */,
				820366081940C2C300FB132A /* Frameworks */,
				820366091940C2C300FB132A /* Resources */,
			);
			buildRules = (
			);
			dependencies = (
			);
			name = xh_skanskaFloorPlan;
			productName = xh_skanskaFloorPlan;
			productReference = 8203660B1940C2C300FB132A /* xh_skanskaFloorPlan.app */;
			productType = "com.apple.product-type.application";
		};
		8203662B1940C2C300FB132A /* xh_skanskaFloorPlanTests */ = {
			isa = PBXNativeTarget;
			buildConfigurationList = 820366401940C2C400FB132A /* Build configuration list for PBXNativeTarget "xh_skanskaFloorPlanTests" */;
			buildPhases = (
				820366281940C2C300FB132A /* Sources */,
				820366291940C2C300FB132A /* Frameworks */,
				8203662A1940C2C300FB132A /* Resources */,
			);
			buildRules = (
			);
			dependencies = (
				820366321940C2C400FB132A /* PBXTargetDependency */,
			);
			name = xh_skanskaFloorPlanTests;
			productName = xh_skanskaFloorPlanTests;
			productReference = 8203662C1940C2C300FB132A /* xh_skanskaFloorPlanTests.xctest */;
			productType = "com.apple.product-type.bundle.unit-test";
		};
/* End PBXNativeTarget section */

/* Begin PBXProject section */
		820366031940C2C300FB132A /* Project object */ = {
			isa = PBXProject;
			attributes = {
				LastUpgradeCheck = 0510;
				ORGANIZATIONNAME = "Xiaohe Hu";
				TargetAttributes = {
					8203662B1940C2C300FB132A = {
						TestTargetID = 8203660A1940C2C300FB132A;
					};
				};
			};
			buildConfigurationList = 820366061940C2C300FB132A /* Build configuration list for PBXProject "xh_skanskaFloorPlan" */;
			compatibilityVersion = "Xcode 3.2";
			developmentRegion = English;
			hasScannedForEncodings = 0;
			knownRegions = (
				en,
				Base,
			);
			mainGroup = 820366021940C2C300FB132A;
			productRefGroup = 8203660C1940C2C300FB132A /* Products */;
			projectDirPath = "";
			projectRoot = "";
			targets = (
				8203660A1940C2C300FB132A /* xh_skanskaFloorPlan */,
				8203662B1940C2C300FB132A /* xh_skanskaFloorPlanTests */,
			);
		};
/* End PBXProject section */

/* Begin PBXResourcesBuildPhase section */
		820366091940C2C300FB132A /* Resources */ = {
			isa = PBXResourcesBuildPhase;
			buildActionMask = 2147483647;
			files = (
				824E0BEF1946078600158620 /* grfx_floorplan7_sample.png in Resources */,
				82974CD5194785B200409DC7 /* grfx_floorplan6_testfit.png in Resources */,
				824E0BF5194624BE00158620 /* grfx_floorPlan_bg.jpg in Resources */,
				82974CD9194785B200409DC7 /* grfx_floorplan8_testfit.png in Resources */,
				82974CDA194785B200409DC7 /* grfx_floorplan8_testfit@2x.png in Resources */,
				824E0BF21946078600158620 /* grfx_floorplan8_sample@2x.png in Resources */,
				820366441940EEDA00FB132A /* floorplanData.plist in Resources */,
				82974CD6194785B200409DC7 /* grfx_floorplan6_testfit@2x.png in Resources */,
				824E0BFA194627DC00158620 /* grfx_floorplan_blding@2x.png in Resources */,
				824E0BEE1946078600158620 /* grfx_floorplan6_sample@2x.png in Resources */,
				820366271940C2C300FB132A /* Images.xcassets in Resources */,
				824E0BED1946078600158620 /* grfx_floorplan6_sample.png in Resources */,
				82974CD7194785B200409DC7 /* grfx_floorplan7_testfit.png in Resources */,
				824E0BEB1946078600158620 /* grfx_floorplan2_sample.png in Resources */,
				824E0BEC1946078600158620 /* grfx_floorplan2_sample@2x.png in Resources */,
				82974CD8194785B200409DC7 /* grfx_floorplan7_testfit@2x.png in Resources */,
				820366191940C2C300FB132A /* InfoPlist.strings in Resources */,
				820366221940C2C300FB132A /* Main.storyboard in Resources */,
				824E0BF6194624BE00158620 /* grfx_floorPlan_bg@2x.jpg in Resources */,
				82974CD3194785B200409DC7 /* grfx_floorplan2_testfit.png in Resources */,
				82B69AA8194232B8004BCE39 /* data.plist in Resources */,
				824E0BF01946078600158620 /* grfx_floorplan7_sample@2x.png in Resources */,
				82974CD4194785B200409DC7 /* grfx_floorplan2_testfit@2x.png in Resources */,
				824E0BF9194627DC00158620 /* grfx_floorplan_blding.png in Resources */,
				824E0BF11946078600158620 /* grfx_floorplan8_sample.png in Resources */,
			);
			runOnlyForDeploymentPostprocessing = 0;
		};
		8203662A1940C2C300FB132A /* Resources */ = {
			isa = PBXResourcesBuildPhase;
			buildActionMask = 2147483647;
			files = (
				820366381940C2C400FB132A /* InfoPlist.strings in Resources */,
			);
			runOnlyForDeploymentPostprocessing = 0;
		};
/* End PBXResourcesBuildPhase section */

/* Begin PBXSourcesBuildPhase section */
		820366071940C2C300FB132A /* Sources */ = {
			isa = PBXSourcesBuildPhase;
			buildActionMask = 2147483647;
			files = (
				8203664D1940EFFF00FB132A /* embDrawPath.m in Sources */,
				820366571940F18400FB132A /* ebZoomingScrollView.m in Sources */,
				82FE13221941FCC80040E149 /* xh_dotsView.m in Sources */,
				820366251940C2C300FB132A /* ViewController.m in Sources */,
				820366541940F15B00FB132A /* KSLabel.m in Sources */,
				8203664E1940EFFF00FB132A /* embModelController.m in Sources */,
				82B69AAB1942444A004BCE39 /* UIColor+Extensions.m in Sources */,
				8203661F1940C2C300FB132A /* AppDelegate.m in Sources */,
				8203661B1940C2C300FB132A /* main.m in Sources */,
				8203664C1940EFFF00FB132A /* embDataViewController.m in Sources */,
				820366511940F04E00FB132A /* neoHotspotsView.m in Sources */,
			);
			runOnlyForDeploymentPostprocessing = 0;
		};
		820366281940C2C300FB132A /* Sources */ = {
			isa = PBXSourcesBuildPhase;
			buildActionMask = 2147483647;
			files = (
				8203663A1940C2C400FB132A /* xh_skanskaFloorPlanTests.m in Sources */,
			);
			runOnlyForDeploymentPostprocessing = 0;
		};
/* End PBXSourcesBuildPhase section */

/* Begin PBXTargetDependency section */
		820366321940C2C400FB132A /* PBXTargetDependency */ = {
			isa = PBXTargetDependency;
			target = 8203660A1940C2C300FB132A /* xh_skanskaFloorPlan */;
			targetProxy = 820366311940C2C400FB132A /* PBXContainerItemProxy */;
		};
/* End PBXTargetDependency section */

/* Begin PBXVariantGroup section */
		820366171940C2C300FB132A /* InfoPlist.strings */ = {
			isa = PBXVariantGroup;
			children = (
				820366181940C2C300FB132A /* en */,
			);
			name = InfoPlist.strings;
			sourceTree = "<group>";
		};
		820366201940C2C300FB132A /* Main.storyboard */ = {
			isa = PBXVariantGroup;
			children = (
				820366211940C2C300FB132A /* Base */,
			);
			name = Main.storyboard;
			sourceTree = "<group>";
		};
		820366361940C2C400FB132A /* InfoPlist.strings */ = {
			isa = PBXVariantGroup;
			children = (
				820366371940C2C400FB132A /* en */,
			);
			name = InfoPlist.strings;
			sourceTree = "<group>";
		};
/* End PBXVariantGroup section */

/* Begin XCBuildConfiguration section */
		8203663B1940C2C400FB132A /* Debug */ = {
			isa = XCBuildConfiguration;
			buildSettings = {
				ALWAYS_SEARCH_USER_PATHS = NO;
				CLANG_CXX_LANGUAGE_STANDARD = "gnu++0x";
				CLANG_CXX_LIBRARY = "libc++";
				CLANG_ENABLE_MODULES = YES;
				CLANG_ENABLE_OBJC_ARC = YES;
				CLANG_WARN_BOOL_CONVERSION = YES;
				CLANG_WARN_CONSTANT_CONVERSION = YES;
				CLANG_WARN_DIRECT_OBJC_ISA_USAGE = YES_ERROR;
				CLANG_WARN_EMPTY_BODY = YES;
				CLANG_WARN_ENUM_CONVERSION = YES;
				CLANG_WARN_INT_CONVERSION = YES;
				CLANG_WARN_OBJC_ROOT_CLASS = YES_ERROR;
				CLANG_WARN__DUPLICATE_METHOD_MATCH = YES;
				"CODE_SIGN_IDENTITY[sdk=iphoneos*]" = "iPhone Developer";
				COPY_PHASE_STRIP = NO;
				GCC_C_LANGUAGE_STANDARD = gnu99;
				GCC_DYNAMIC_NO_PIC = NO;
				GCC_OPTIMIZATION_LEVEL = 0;
				GCC_PREPROCESSOR_DEFINITIONS = (
					"DEBUG=1",
					"$(inherited)",
				);
				GCC_SYMBOLS_PRIVATE_EXTERN = NO;
				GCC_WARN_64_TO_32_BIT_CONVERSION = YES;
				GCC_WARN_ABOUT_RETURN_TYPE = YES_ERROR;
				GCC_WARN_UNDECLARED_SELECTOR = YES;
				GCC_WARN_UNINITIALIZED_AUTOS = YES_AGGRESSIVE;
				GCC_WARN_UNUSED_FUNCTION = YES;
				GCC_WARN_UNUSED_VARIABLE = YES;
				IPHONEOS_DEPLOYMENT_TARGET = 7.1;
				ONLY_ACTIVE_ARCH = YES;
				SDKROOT = iphoneos;
				TARGETED_DEVICE_FAMILY = 2;
			};
			name = Debug;
		};
		8203663C1940C2C400FB132A /* Release */ = {
			isa = XCBuildConfiguration;
			buildSettings = {
				ALWAYS_SEARCH_USER_PATHS = NO;
				CLANG_CXX_LANGUAGE_STANDARD = "gnu++0x";
				CLANG_CXX_LIBRARY = "libc++";
				CLANG_ENABLE_MODULES = YES;
				CLANG_ENABLE_OBJC_ARC = YES;
				CLANG_WARN_BOOL_CONVERSION = YES;
				CLANG_WARN_CONSTANT_CONVERSION = YES;
				CLANG_WARN_DIRECT_OBJC_ISA_USAGE = YES_ERROR;
				CLANG_WARN_EMPTY_BODY = YES;
				CLANG_WARN_ENUM_CONVERSION = YES;
				CLANG_WARN_INT_CONVERSION = YES;
				CLANG_WARN_OBJC_ROOT_CLASS = YES_ERROR;
				CLANG_WARN__DUPLICATE_METHOD_MATCH = YES;
				"CODE_SIGN_IDENTITY[sdk=iphoneos*]" = "iPhone Developer";
				COPY_PHASE_STRIP = YES;
				ENABLE_NS_ASSERTIONS = NO;
				GCC_C_LANGUAGE_STANDARD = gnu99;
				GCC_WARN_64_TO_32_BIT_CONVERSION = YES;
				GCC_WARN_ABOUT_RETURN_TYPE = YES_ERROR;
				GCC_WARN_UNDECLARED_SELECTOR = YES;
				GCC_WARN_UNINITIALIZED_AUTOS = YES_AGGRESSIVE;
				GCC_WARN_UNUSED_FUNCTION = YES;
				GCC_WARN_UNUSED_VARIABLE = YES;
				IPHONEOS_DEPLOYMENT_TARGET = 7.1;
				SDKROOT = iphoneos;
				TARGETED_DEVICE_FAMILY = 2;
				VALIDATE_PRODUCT = YES;
			};
			name = Release;
		};
		8203663E1940C2C400FB132A /* Debug */ = {
			isa = XCBuildConfiguration;
			buildSettings = {
				ASSETCATALOG_COMPILER_APPICON_NAME = AppIcon;
				ASSETCATALOG_COMPILER_LAUNCHIMAGE_NAME = LaunchImage;
				GCC_PRECOMPILE_PREFIX_HEADER = YES;
				GCC_PREFIX_HEADER = "xh_skanskaFloorPlan/xh_skanskaFloorPlan-Prefix.pch";
				INFOPLIST_FILE = "xh_skanskaFloorPlan/xh_skanskaFloorPlan-Info.plist";
				IPHONEOS_DEPLOYMENT_TARGET = 7.1;
				PRODUCT_NAME = "$(TARGET_NAME)";
				WRAPPER_EXTENSION = app;
			};
			name = Debug;
		};
		8203663F1940C2C400FB132A /* Release */ = {
			isa = XCBuildConfiguration;
			buildSettings = {
				ASSETCATALOG_COMPILER_APPICON_NAME = AppIcon;
				ASSETCATALOG_COMPILER_LAUNCHIMAGE_NAME = LaunchImage;
				GCC_PRECOMPILE_PREFIX_HEADER = YES;
				GCC_PREFIX_HEADER = "xh_skanskaFloorPlan/xh_skanskaFloorPlan-Prefix.pch";
				INFOPLIST_FILE = "xh_skanskaFloorPlan/xh_skanskaFloorPlan-Info.plist";
				IPHONEOS_DEPLOYMENT_TARGET = 7.1;
				PRODUCT_NAME = "$(TARGET_NAME)";
				WRAPPER_EXTENSION = app;
			};
			name = Release;
		};
		820366411940C2C400FB132A /* Debug */ = {
			isa = XCBuildConfiguration;
			buildSettings = {
				BUNDLE_LOADER = "$(BUILT_PRODUCTS_DIR)/xh_skanskaFloorPlan.app/xh_skanskaFloorPlan";
				FRAMEWORK_SEARCH_PATHS = (
					"$(SDKROOT)/Developer/Library/Frameworks",
					"$(inherited)",
					"$(DEVELOPER_FRAMEWORKS_DIR)",
				);
				GCC_PRECOMPILE_PREFIX_HEADER = YES;
				GCC_PREFIX_HEADER = "xh_skanskaFloorPlan/xh_skanskaFloorPlan-Prefix.pch";
				GCC_PREPROCESSOR_DEFINITIONS = (
					"DEBUG=1",
					"$(inherited)",
				);
				INFOPLIST_FILE = "xh_skanskaFloorPlanTests/xh_skanskaFloorPlanTests-Info.plist";
				PRODUCT_NAME = "$(TARGET_NAME)";
				TEST_HOST = "$(BUNDLE_LOADER)";
				WRAPPER_EXTENSION = xctest;
			};
			name = Debug;
		};
		820366421940C2C400FB132A /* Release */ = {
			isa = XCBuildConfiguration;
			buildSettings = {
				BUNDLE_LOADER = "$(BUILT_PRODUCTS_DIR)/xh_skanskaFloorPlan.app/xh_skanskaFloorPlan";
				FRAMEWORK_SEARCH_PATHS = (
					"$(SDKROOT)/Developer/Library/Frameworks",
					"$(inherited)",
					"$(DEVELOPER_FRAMEWORKS_DIR)",
				);
				GCC_PRECOMPILE_PREFIX_HEADER = YES;
				GCC_PREFIX_HEADER = "xh_skanskaFloorPlan/xh_skanskaFloorPlan-Prefix.pch";
				INFOPLIST_FILE = "xh_skanskaFloorPlanTests/xh_skanskaFloorPlanTests-Info.plist";
				PRODUCT_NAME = "$(TARGET_NAME)";
				TEST_HOST = "$(BUNDLE_LOADER)";
				WRAPPER_EXTENSION = xctest;
			};
			name = Release;
		};
/* End XCBuildConfiguration section */

/* Begin XCConfigurationList section */
		820366061940C2C300FB132A /* Build configuration list for PBXProject "xh_skanskaFloorPlan" */ = {
			isa = XCConfigurationList;
			buildConfigurations = (
				8203663B1940C2C400FB132A /* Debug */,
				8203663C1940C2C400FB132A /* Release */,
			);
			defaultConfigurationIsVisible = 0;
			defaultConfigurationName = Release;
		};
		8203663D1940C2C400FB132A /* Build configuration list for PBXNativeTarget "xh_skanskaFloorPlan" */ = {
			isa = XCConfigurationList;
			buildConfigurations = (
				8203663E1940C2C400FB132A /* Debug */,
				8203663F1940C2C400FB132A /* Release */,
			);
			defaultConfigurationIsVisible = 0;
			defaultConfigurationName = Release;
		};
		820366401940C2C400FB132A /* Build configuration list for PBXNativeTarget "xh_skanskaFloorPlanTests" */ = {
			isa = XCConfigurationList;
			buildConfigurations = (
				820366411940C2C400FB132A /* Debug */,
				820366421940C2C400FB132A /* Release */,
			);
			defaultConfigurationIsVisible = 0;
			defaultConfigurationName = Release;
		};
/* End XCConfigurationList section */
	};
	rootObject = 820366031940C2C300FB132A /* Project object */;
}
